// !$*UTF8*$!
{
	archiveVersion = 1;
	classes = {
	};
	objectVersion = 46;
	objects = {

/* Begin PBXBuildFile section */
		9D3ADE641DA309020075F823 /* AppDelegate.swift in Sources */ = {isa = PBXBuildFile; fileRef = 9D3ADE631DA309020075F823 /* AppDelegate.swift */; };
		9D3ADE661DA309020075F823 /* ViewController.swift in Sources */ = {isa = PBXBuildFile; fileRef = 9D3ADE651DA309020075F823 /* ViewController.swift */; };
		9D3ADE691DA309020075F823 /* Main.storyboard in Resources */ = {isa = PBXBuildFile; fileRef = 9D3ADE671DA309020075F823 /* Main.storyboard */; };
		9D3ADE6B1DA309020075F823 /* Assets.xcassets in Resources */ = {isa = PBXBuildFile; fileRef = 9D3ADE6A1DA309020075F823 /* Assets.xcassets */; };
		9D3ADE6E1DA309020075F823 /* LaunchScreen.storyboard in Resources */ = {isa = PBXBuildFile; fileRef = 9D3ADE6C1DA309020075F823 /* LaunchScreen.storyboard */; };
		9D3ADE791DA309020075F823 /* HelloIOSTests.swift in Sources */ = {isa = PBXBuildFile; fileRef = 9D3ADE781DA309020075F823 /* HelloIOSTests.swift */; };
		9D3ADE841DA309020075F823 /* HelloIOSUITests.swift in Sources */ = {isa = PBXBuildFile; fileRef = 9D3ADE831DA309020075F823 /* HelloIOSUITests.swift */; };
/* End PBXBuildFile section */

/* Begin PBXContainerItemProxy section */
		9D3ADE751DA309020075F823 /* PBXContainerItemProxy */ = {
			isa = PBXContainerItemProxy;
			containerPortal = 9D3ADE581DA309020075F823 /* Project object */;
			proxyType = 1;
			remoteGlobalIDString = 9D3ADE5F1DA309020075F823;
			remoteInfo = HelloIOS;
		};
		9D3ADE801DA309020075F823 /* PBXContainerItemProxy */ = {
			isa = PBXContainerItemProxy;
			containerPortal = 9D3ADE581DA309020075F823 /* Project object */;
			proxyType = 1;
			remoteGlobalIDString = 9D3ADE5F1DA309020075F823;
			remoteInfo = HelloIOS;
		};
/* End PBXContainerItemProxy section */

/* Begin PBXFileReference section */
		9D3ADE601DA309020075F823 /* HelloIOS.app */ = {isa = PBXFileReference; explicitFileType = wrapper.application; includeInIndex = 0; path = HelloIOS.app; sourceTree = BUILT_PRODUCTS_DIR; };
		9D3ADE631DA309020075F823 /* AppDelegate.swift */ = {isa = PBXFileReference; lastKnownFileType = sourcecode.swift; path = AppDelegate.swift; sourceTree = "<group>"; };
		9D3ADE651DA309020075F823 /* ViewController.swift */ = {isa = PBXFileReference; lastKnownFileType = sourcecode.swift; path = ViewController.swift; sourceTree = "<group>"; };
		9D3ADE681DA309020075F823 /* Base */ = {isa = PBXFileReference; lastKnownFileType = file.storyboard; name = Base; path = Base.lproj/Main.storyboard; sourceTree = "<group>"; };
		9D3ADE6A1DA309020075F823 /* Assets.xcassets */ = {isa = PBXFileReference; lastKnownFileType = folder.assetcatalog; path = Assets.xcassets; sourceTree = "<group>"; };
		9D3ADE6D1DA309020075F823 /* Base */ = {isa = PBXFileReference; lastKnownFileType = file.storyboard; name = Base; path = Base.lproj/LaunchScreen.storyboard; sourceTree = "<group>"; };
		9D3ADE6F1DA309020075F823 /* Info.plist */ = {isa = PBXFileReference; lastKnownFileType = text.plist.xml; path = Info.plist; sourceTree = "<group>"; };
		9D3ADE741DA309020075F823 /* HelloIOSTests.xctest */ = {isa = PBXFileReference; explicitFileType = wrapper.cfbundle; includeInIndex = 0; path = HelloIOSTests.xctest; sourceTree = BUILT_PRODUCTS_DIR; };
		9D3ADE781DA309020075F823 /* HelloIOSTests.swift */ = {isa = PBXFileReference; lastKnownFileType = sourcecode.swift; path = HelloIOSTests.swift; sourceTree = "<group>"; };
		9D3ADE7A1DA309020075F823 /* Info.plist */ = {isa = PBXFileReference; lastKnownFileType = text.plist.xml; path = Info.plist; sourceTree = "<group>"; };
		9D3ADE7F1DA309020075F823 /* HelloIOSUITests.xctest */ = {isa = PBXFileReference; explicitFileType = wrapper.cfbundle; includeInIndex = 0; path = HelloIOSUITests.xctest; sourceTree = BUILT_PRODUCTS_DIR; };
		9D3ADE831DA309020075F823 /* HelloIOSUITests.swift */ = {isa = PBXFileReference; lastKnownFileType = sourcecode.swift; path = HelloIOSUITests.swift; sourceTree = "<group>"; };
		9D3ADE851DA309020075F823 /* Info.plist */ = {isa = PBXFileReference; lastKnownFileType = text.plist.xml; path = Info.plist; sourceTree = "<group>"; };
/* End PBXFileReference section */

/* Begin PBXFrameworksBuildPhase section */
		9D3ADE5D1DA309020075F823 /* Frameworks */ = {
			isa = PBXFrameworksBuildPhase;
			buildActionMask = 2147483647;
			files = (
			);
			runOnlyForDeploymentPostprocessing = 0;
		};
		9D3ADE711DA309020075F823 /* Frameworks */ = {
			isa = PBXFrameworksBuildPhase;
			buildActionMask = 2147483647;
			files = (
			);
			runOnlyForDeploymentPostprocessing = 0;
		};
		9D3ADE7C1DA309020075F823 /* Frameworks */ = {
			isa = PBXFrameworksBuildPhase;
			buildActionMask = 2147483647;
			files = (
			);
			runOnlyForDeploymentPostprocessing = 0;
		};
/* End PBXFrameworksBuildPhase section */

/* Begin PBXGroup section */
		9D3ADE571DA309020075F823 = {
			isa = PBXGroup;
			children = (
				9D3ADE621DA309020075F823 /* HelloIOS */,
				9D3ADE771DA309020075F823 /* HelloIOSTests */,
				9D3ADE821DA309020075F823 /* HelloIOSUITests */,
				9D3ADE611DA309020075F823 /* Products */,
			);
			sourceTree = "<group>";
		};
		9D3ADE611DA309020075F823 /* Products */ = {
			isa = PBXGroup;
			children = (
				9D3ADE601DA309020075F823 /* HelloIOS.app */,
				9D3ADE741DA309020075F823 /* HelloIOSTests.xctest */,
				9D3ADE7F1DA309020075F823 /* HelloIOSUITests.xctest */,
			);
			name = Products;
			sourceTree = "<group>";
		};
		9D3ADE621DA309020075F823 /* HelloIOS */ = {
			isa = PBXGroup;
			children = (
				9D3ADE631DA309020075F823 /* AppDelegate.swift */,
				9D3ADE651DA309020075F823 /* ViewController.swift */,
				9D3ADE671DA309020075F823 /* Main.storyboard */,
				9D3ADE6A1DA309020075F823 /* Assets.xcassets */,
				9D3ADE6C1DA309020075F823 /* LaunchScreen.storyboard */,
				9D3ADE6F1DA309020075F823 /* Info.plist */,
			);
			path = HelloIOS;
			sourceTree = "<group>";
		};
		9D3ADE771DA309020075F823 /* HelloIOSTests */ = {
			isa = PBXGroup;
			children = (
				9D3ADE781DA309020075F823 /* HelloIOSTests.swift */,
				9D3ADE7A1DA309020075F823 /* Info.plist */,
			);
			path = HelloIOSTests;
			sourceTree = "<group>";
		};
		9D3ADE821DA309020075F823 /* HelloIOSUITests */ = {
			isa = PBXGroup;
			children = (
				9D3ADE831DA309020075F823 /* HelloIOSUITests.swift */,
				9D3ADE851DA309020075F823 /* Info.plist */,
			);
			path = HelloIOSUITests;
			sourceTree = "<group>";
		};
/* End PBXGroup section */

/* Begin PBXNativeTarget section */
		9D3ADE5F1DA309020075F823 /* HelloIOS */ = {
			isa = PBXNativeTarget;
			buildConfigurationList = 9D3ADE881DA309020075F823 /* Build configuration list for PBXNativeTarget "HelloIOS" */;
			buildPhases = (
				9D3ADE5C1DA309020075F823 /* Sources */,
				9D3ADE5D1DA309020075F823 /* Frameworks */,
				9D3ADE5E1DA309020075F823 /* Resources */,
			);
			buildRules = (
			);
			dependencies = (
			);
			name = HelloIOS;
			productName = HelloIOS;
			productReference = 9D3ADE601DA309020075F823 /* HelloIOS.app */;
			productType = "com.apple.product-type.application";
		};
		9D3ADE731DA309020075F823 /* HelloIOSTests */ = {
			isa = PBXNativeTarget;
			buildConfigurationList = 9D3ADE8B1DA309020075F823 /* Build configuration list for PBXNativeTarget "HelloIOSTests" */;
			buildPhases = (
				9D3ADE701DA309020075F823 /* Sources */,
				9D3ADE711DA309020075F823 /* Frameworks */,
				9D3ADE721DA309020075F823 /* Resources */,
			);
			buildRules = (
			);
			dependencies = (
				9D3ADE761DA309020075F823 /* PBXTargetDependency */,
			);
			name = HelloIOSTests;
			productName = HelloIOSTests;
			productReference = 9D3ADE741DA309020075F823 /* HelloIOSTests.xctest */;
			productType = "com.apple.product-type.bundle.unit-test";
		};
		9D3ADE7E1DA309020075F823 /* HelloIOSUITests */ = {
			isa = PBXNativeTarget;
			buildConfigurationList = 9D3ADE8E1DA309020075F823 /* Build configuration list for PBXNativeTarget "HelloIOSUITests" */;
			buildPhases = (
				9D3ADE7B1DA309020075F823 /* Sources */,
				9D3ADE7C1DA309020075F823 /* Frameworks */,
				9D3ADE7D1DA309020075F823 /* Resources */,
			);
			buildRules = (
			);
			dependencies = (
				9D3ADE811DA309020075F823 /* PBXTargetDependency */,
			);
			name = HelloIOSUITests;
			productName = HelloIOSUITests;
			productReference = 9D3ADE7F1DA309020075F823 /* HelloIOSUITests.xctest */;
			productType = "com.apple.product-type.bundle.ui-testing";
		};
/* End PBXNativeTarget section */

/* Begin PBXProject section */
		9D3ADE581DA309020075F823 /* Project object */ = {
			isa = PBXProject;
			attributes = {
				LastSwiftUpdateCheck = 0800;
				LastUpgradeCheck = 0800;
				ORGANIZATIONNAME = iGuest;
				TargetAttributes = {
					9D3ADE5F1DA309020075F823 = {
						CreatedOnToolsVersion = 8.0;
						DevelopmentTeam = FLAQUC4AS6;
						ProvisioningStyle = Automatic;
					};
					9D3ADE731DA309020075F823 = {
						CreatedOnToolsVersion = 8.0;
						ProvisioningStyle = Automatic;
						TestTargetID = 9D3ADE5F1DA309020075F823;
					};
					9D3ADE7E1DA309020075F823 = {
						CreatedOnToolsVersion = 8.0;
						ProvisioningStyle = Automatic;
						TestTargetID = 9D3ADE5F1DA309020075F823;
					};
				};
			};
			buildConfigurationList = 9D3ADE5B1DA309020075F823 /* Build configuration list for PBXProject "HelloIOS" */;
			compatibilityVersion = "Xcode 3.2";
			developmentRegion = English;
			hasScannedForEncodings = 0;
			knownRegions = (
				en,
				Base,
			);
			mainGroup = 9D3ADE571DA309020075F823;
			productRefGroup = 9D3ADE611DA309020075F823 /* Products */;
			projectDirPath = "";
			projectRoot = "";
			targets = (
				9D3ADE5F1DA309020075F823 /* HelloIOS */,
				9D3ADE731DA309020075F823 /* HelloIOSTests */,
				9D3ADE7E1DA309020075F823 /* HelloIOSUITests */,
			);
		};
/* End PBXProject section */

/* Begin PBXResourcesBuildPhase section */
		9D3ADE5E1DA309020075F823 /* Resources */ = {
			isa = PBXResourcesBuildPhase;
			buildActionMask = 2147483647;
			files = (
				9D3ADE6E1DA309020075F823 /* LaunchScreen.storyboard in Resources */,
				9D3ADE6B1DA309020075F823 /* Assets.xcassets in Resources */,
				9D3ADE691DA309020075F823 /* Main.storyboard in Resources */,
			);
			runOnlyForDeploymentPostprocessing = 0;
		};
		9D3ADE721DA309020075F823 /* Resources */ = {
			isa = PBXResourcesBuildPhase;
			buildActionMask = 2147483647;
			files = (
			);
			runOnlyForDeploymentPostprocessing = 0;
		};
		9D3ADE7D1DA309020075F823 /* Resources */ = {
			isa = PBXResourcesBuildPhase;
			buildActionMask = 2147483647;
			files = (
			);
			runOnlyForDeploymentPostprocessing = 0;
		};
/* End PBXResourcesBuildPhase section */

/* Begin PBXSourcesBuildPhase section */
		9D3ADE5C1DA309020075F823 /* Sources */ = {
			isa = PBXSourcesBuildPhase;
			buildActionMask = 2147483647;
			files = (
				9D3ADE661DA309020075F823 /* ViewController.swift in Sources */,
				9D3ADE641DA309020075F823 /* AppDelegate.swift in Sources */,
			);
			runOnlyForDeploymentPostprocessing = 0;
		};
		9D3ADE701DA309020075F823 /* Sources */ = {
			isa = PBXSourcesBuildPhase;
			buildActionMask = 2147483647;
			files = (
				9D3ADE791DA309020075F823 /* HelloIOSTests.swift in Sources */,
			);
			runOnlyForDeploymentPostprocessing = 0;
		};
		9D3ADE7B1DA309020075F823 /* Sources */ = {
			isa = PBXSourcesBuildPhase;
			buildActionMask = 2147483647;
			files = (
				9D3ADE841DA309020075F823 /* HelloIOSUITests.swift in Sources */,
			);
			runOnlyForDeploymentPostprocessing = 0;
		};
/* End PBXSourcesBuildPhase section */

/* Begin PBXTargetDependency section */
		9D3ADE761DA309020075F823 /* PBXTargetDependency */ = {
			isa = PBXTargetDependency;
			target = 9D3ADE5F1DA309020075F823 /* HelloIOS */;
			targetProxy = 9D3ADE751DA309020075F823 /* PBXContainerItemProxy */;
		};
		9D3ADE811DA309020075F823 /* PBXTargetDependency */ = {
			isa = PBXTargetDependency;
			target = 9D3ADE5F1DA309020075F823 /* HelloIOS */;
			targetProxy = 9D3ADE801DA309020075F823 /* PBXContainerItemProxy */;
		};
/* End PBXTargetDependency section */

/* Begin PBXVariantGroup section */
		9D3ADE671DA309020075F823 /* Main.storyboard */ = {
			isa = PBXVariantGroup;
			children = (
				9D3ADE681DA309020075F823 /* Base */,
			);
			name = Main.storyboard;
			sourceTree = "<group>";
		};
		9D3ADE6C1DA309020075F823 /* LaunchScreen.storyboard */ = {
			isa = PBXVariantGroup;
			children = (
				9D3ADE6D1DA309020075F823 /* Base */,
			);
			name = LaunchScreen.storyboard;
			sourceTree = "<group>";
		};
/* End PBXVariantGroup section */

/* Begin XCBuildConfiguration section */
		9D3ADE861DA309020075F823 /* Debug */ = {
			isa = XCBuildConfiguration;
			buildSettings = {
				ALWAYS_SEARCH_USER_PATHS = NO;
				CLANG_ANALYZER_NONNULL = YES;
				CLANG_CXX_LANGUAGE_STANDARD = "gnu++0x";
				CLANG_CXX_LIBRARY = "libc++";
				CLANG_ENABLE_MODULES = YES;
				CLANG_ENABLE_OBJC_ARC = YES;
				CLANG_WARN_BOOL_CONVERSION = YES;
				CLANG_WARN_CONSTANT_CONVERSION = YES;
				CLANG_WARN_DIRECT_OBJC_ISA_USAGE = YES_ERROR;
				CLANG_WARN_DOCUMENTATION_COMMENTS = YES;
				CLANG_WARN_EMPTY_BODY = YES;
				CLANG_WARN_ENUM_CONVERSION = YES;
				CLANG_WARN_INFINITE_RECURSION = YES;
				CLANG_WARN_INT_CONVERSION = YES;
				CLANG_WARN_OBJC_ROOT_CLASS = YES_ERROR;
				CLANG_WARN_SUSPICIOUS_MOVES = YES;
				CLANG_WARN_UNREACHABLE_CODE = YES;
				CLANG_WARN__DUPLICATE_METHOD_MATCH = YES;
				"CODE_SIGN_IDENTITY[sdk=iphoneos*]" = "iPhone Developer";
				COPY_PHASE_STRIP = NO;
				DEBUG_INFORMATION_FORMAT = dwarf;
				ENABLE_STRICT_OBJC_MSGSEND = YES;
				ENABLE_TESTABILITY = YES;
				GCC_C_LANGUAGE_STANDARD = gnu99;
				GCC_DYNAMIC_NO_PIC = NO;
				GCC_NO_COMMON_BLOCKS = YES;
				GCC_OPTIMIZATION_LEVEL = 0;
				GCC_PREPROCESSOR_DEFINITIONS = (
					"DEBUG=1",
					"$(inherited)",
				);
				GCC_WARN_64_TO_32_BIT_CONVERSION = YES;
				GCC_WARN_ABOUT_RETURN_TYPE = YES_ERROR;
				GCC_WARN_UNDECLARED_SELECTOR = YES;
				GCC_WARN_UNINITIALIZED_AUTOS = YES_AGGRESSIVE;
				GCC_WARN_UNUSED_FUNCTION = YES;
				GCC_WARN_UNUSED_VARIABLE = YES;
				IPHONEOS_DEPLOYMENT_TARGET = 10.0;
				MTL_ENABLE_DEBUG_INFO = YES;
				ONLY_ACTIVE_ARCH = YES;
				SDKROOT = iphoneos;
				SWIFT_ACTIVE_COMPILATION_CONDITIONS = DEBUG;
				SWIFT_OPTIMIZATION_LEVEL = "-Onone";
				TARGETED_DEVICE_FAMILY = "1,2";
			};
			name = Debug;
		};
		9D3ADE871DA309020075F823 /* Release */ = {
			isa = XCBuildConfiguration;
			buildSettings = {
				ALWAYS_SEARCH_USER_PATHS = NO;
				CLANG_ANALYZER_NONNULL = YES;
				CLANG_CXX_LANGUAGE_STANDARD = "gnu++0x";
				CLANG_CXX_LIBRARY = "libc++";
				CLANG_ENABLE_MODULES = YES;
				CLANG_ENABLE_OBJC_ARC = YES;
				CLANG_WARN_BOOL_CONVERSION = YES;
				CLANG_WARN_CONSTANT_CONVERSION = YES;
				CLANG_WARN_DIRECT_OBJC_ISA_USAGE = YES_ERROR;
				CLANG_WARN_DOCUMENTATION_COMMENTS = YES;
				CLANG_WARN_EMPTY_BODY = YES;
				CLANG_WARN_ENUM_CONVERSION = YES;
				CLANG_WARN_INFINITE_RECURSION = YES;
				CLANG_WARN_INT_CONVERSION = YES;
				CLANG_WARN_OBJC_ROOT_CLASS = YES_ERROR;
				CLANG_WARN_SUSPICIOUS_MOVES = YES;
				CLANG_WARN_UNREACHABLE_CODE = YES;
				CLANG_WARN__DUPLICATE_METHOD_MATCH = YES;
				"CODE_SIGN_IDENTITY[sdk=iphoneos*]" = "iPhone Developer";
				COPY_PHASE_STRIP = NO;
				DEBUG_INFORMATION_FORMAT = "dwarf-with-dsym";
				ENABLE_NS_ASSERTIONS = NO;
				ENABLE_STRICT_OBJC_MSGSEND = YES;
				GCC_C_LANGUAGE_STANDARD = gnu99;
				GCC_NO_COMMON_BLOCKS = YES;
				GCC_WARN_64_TO_32_BIT_CONVERSION = YES;
				GCC_WARN_ABOUT_RETURN_TYPE = YES_ERROR;
				GCC_WARN_UNDECLARED_SELECTOR = YES;
				GCC_WARN_UNINITIALIZED_AUTOS = YES_AGGRESSIVE;
				GCC_WARN_UNUSED_FUNCTION = YES;
				GCC_WARN_UNUSED_VARIABLE = YES;
				IPHONEOS_DEPLOYMENT_TARGET = 10.0;
				MTL_ENABLE_DEBUG_INFO = NO;
				SDKROOT = iphoneos;
				SWIFT_OPTIMIZATION_LEVEL = "-Owholemodule";
				TARGETED_DEVICE_FAMILY = "1,2";
				VALIDATE_PRODUCT = YES;
			};
			name = Release;
		};
		9D3ADE891DA309020075F823 /* Debug */ = {
			isa = XCBuildConfiguration;
			buildSettings = {
				ASSETCATALOG_COMPILER_APPICON_NAME = AppIcon;
				DEVELOPMENT_TEAM = FLAQUC4AS6;
				INFOPLIST_FILE = HelloIOS/Info.plist;
				IPHONEOS_DEPLOYMENT_TARGET = 10.0;
				LD_RUNPATH_SEARCH_PATHS = "$(inherited) @executable_path/Frameworks";
				PRODUCT_BUNDLE_IDENTIFIER = alw34.uw.edu.HelloIOS;
				PRODUCT_NAME = "$(TARGET_NAME)";
				SWIFT_VERSION = 3.0;
			};
			name = Debug;
		};
		9D3ADE8A1DA309020075F823 /* Release */ = {
			isa = XCBuildConfiguration;
			buildSettings = {
				ASSETCATALOG_COMPILER_APPICON_NAME = AppIcon;
				DEVELOPMENT_TEAM = FLAQUC4AS6;
				INFOPLIST_FILE = HelloIOS/Info.plist;
				IPHONEOS_DEPLOYMENT_TARGET = 10.0;
				LD_RUNPATH_SEARCH_PATHS = "$(inherited) @executable_path/Frameworks";
				PRODUCT_BUNDLE_IDENTIFIER = alw34.uw.edu.HelloIOS;
				PRODUCT_NAME = "$(TARGET_NAME)";
				SWIFT_VERSION = 3.0;
			};
			name = Release;
		};
		9D3ADE8C1DA309020075F823 /* Debug */ = {
			isa = XCBuildConfiguration;
			buildSettings = {
				ALWAYS_EMBED_SWIFT_STANDARD_LIBRARIES = YES;
				BUNDLE_LOADER = "$(TEST_HOST)";
				INFOPLIST_FILE = HelloIOSTests/Info.plist;
				LD_RUNPATH_SEARCH_PATHS = "$(inherited) @executable_path/Frameworks @loader_path/Frameworks";
				PRODUCT_BUNDLE_IDENTIFIER = alw34.uw.edu.HelloIOSTests;
				PRODUCT_NAME = "$(TARGET_NAME)";
				SWIFT_VERSION = 3.0;
				TEST_HOST = "$(BUILT_PRODUCTS_DIR)/HelloIOS.app/HelloIOS";
			};
			name = Debug;
		};
		9D3ADE8D1DA309020075F823 /* Release */ = {
			isa = XCBuildConfiguration;
			buildSettings = {
				ALWAYS_EMBED_SWIFT_STANDARD_LIBRARIES = YES;
				BUNDLE_LOADER = "$(TEST_HOST)";
				INFOPLIST_FILE = HelloIOSTests/Info.plist;
				LD_RUNPATH_SEARCH_PATHS = "$(inherited) @executable_path/Frameworks @loader_path/Frameworks";
				PRODUCT_BUNDLE_IDENTIFIER = alw34.uw.edu.HelloIOSTests;
				PRODUCT_NAME = "$(TARGET_NAME)";
				SWIFT_VERSION = 3.0;
				TEST_HOST = "$(BUILT_PRODUCTS_DIR)/HelloIOS.app/HelloIOS";
			};
			name = Release;
		};
		9D3ADE8F1DA309020075F823 /* Debug */ = {
			isa = XCBuildConfiguration;
			buildSettings = {
				ALWAYS_EMBED_SWIFT_STANDARD_LIBRARIES = YES;
				INFOPLIST_FILE = HelloIOSUITests/Info.plist;
				LD_RUNPATH_SEARCH_PATHS = "$(inherited) @executable_path/Frameworks @loader_path/Frameworks";
				PRODUCT_BUNDLE_IDENTIFIER = alw34.uw.edu.HelloIOSUITests;
				PRODUCT_NAME = "$(TARGET_NAME)";
				SWIFT_VERSION = 3.0;
				TEST_TARGET_NAME = HelloIOS;
			};
			name = Debug;
		};
		9D3ADE901DA309020075F823 /* Release */ = {
			isa = XCBuildConfiguration;
			buildSettings = {
				ALWAYS_EMBED_SWIFT_STANDARD_LIBRARIES = YES;
				INFOPLIST_FILE = HelloIOSUITests/Info.plist;
				LD_RUNPATH_SEARCH_PATHS = "$(inherited) @executable_path/Frameworks @loader_path/Frameworks";
				PRODUCT_BUNDLE_IDENTIFIER = alw34.uw.edu.HelloIOSUITests;
				PRODUCT_NAME = "$(TARGET_NAME)";
				SWIFT_VERSION = 3.0;
				TEST_TARGET_NAME = HelloIOS;
			};
			name = Release;
		};
/* End XCBuildConfiguration section */

/* Begin XCConfigurationList section */
		9D3ADE5B1DA309020075F823 /* Build configuration list for PBXProject "HelloIOS" */ = {
			isa = XCConfigurationList;
			buildConfigurations = (
				9D3ADE861DA309020075F823 /* Debug */,
				9D3ADE871DA309020075F823 /* Release */,
			);
			defaultConfigurationIsVisible = 0;
			defaultConfigurationName = Release;
		};
		9D3ADE881DA309020075F823 /* Build configuration list for PBXNativeTarget "HelloIOS" */ = {
			isa = XCConfigurationList;
			buildConfigurations = (
				9D3ADE891DA309020075F823 /* Debug */,
				9D3ADE8A1DA309020075F823 /* Release */,
			);
			defaultConfigurationIsVisible = 0;
			defaultConfigurationName = Release;
		};
		9D3ADE8B1DA309020075F823 /* Build configuration list for PBXNativeTarget "HelloIOSTests" */ = {
			isa = XCConfigurationList;
			buildConfigurations = (
				9D3ADE8C1DA309020075F823 /* Debug */,
				9D3ADE8D1DA309020075F823 /* Release */,
			);
			defaultConfigurationIsVisible = 0;
			defaultConfigurationName = Release;
		};
		9D3ADE8E1DA309020075F823 /* Build configuration list for PBXNativeTarget "HelloIOSUITests" */ = {
			isa = XCConfigurationList;
			buildConfigurations = (
				9D3ADE8F1DA309020075F823 /* Debug */,
				9D3ADE901DA309020075F823 /* Release */,
			);
			defaultConfigurationIsVisible = 0;
			defaultConfigurationName = Release;
		};
/* End XCConfigurationList section */
	};
	rootObject = 9D3ADE581DA309020075F823 /* Project object */;
}
